
Microsoft Visual Studio Solution File, Format Version 12.00
# Visual Studio Version 16
VisualStudioVersion = 16.0.31112.23
MinimumVisualStudioVersion = 10.0.40219.1
Project("{2150E333-8FDC-42A3-9474-1A3956D46DE8}") = "src", "src", "{DF717BCE-A6D0-4421-B86D-37C1CFF8B8FC}"
EndProject
Project("{2150E333-8FDC-42A3-9474-1A3956D46DE8}") = "API", "API", "{6FFAF8DB-7566-4873-841E-0EF00AC664D0}"
EndProject
Project("{2150E333-8FDC-42A3-9474-1A3956D46DE8}") = "Core", "Core", "{747F8791-0895-4E00-A979-9021F7AB0A22}"
EndProject
Project("{2150E333-8FDC-42A3-9474-1A3956D46DE8}") = "UI", "UI", "{79F6A3CF-B1FA-4B1C-BF49-7E1D6EC6FD0C}"
EndProject
Project("{2150E333-8FDC-42A3-9474-1A3956D46DE8}") = "Infrastructure", "Infrastructure", "{E98FD141-DFD8-43BC-B64B-E504D45DB800}"
EndProject
Project("{2150E333-8FDC-42A3-9474-1A3956D46DE8}") = "test", "test", "{871D0C15-E322-49FE-916E-C48131CB4B49}"
EndProject
Project("{FAE04EC0-301F-11D3-BF4B-00C04F79EFBC}") = "TodoApp.Domain", "TodoApp.Domain\TodoApp.Domain.csproj", "{A2FF0CB9-45A8-4988-9A98-876DFBD01203}"
EndProject
Project("{FAE04EC0-301F-11D3-BF4B-00C04F79EFBC}") = "TodoApp.Application", "TodoApp.Application\TodoApp.Application.csproj", "{37C9DFCE-29C5-4DBF-AF8A-0B4DAD416347}"
EndProject
Project("{FAE04EC0-301F-11D3-BF4B-00C04F79EFBC}") = "TodoApp.Persistence", "TodoApp.Persistence\TodoApp.Persistence.csproj", "{EE9AA37F-D694-442B-B11F-898AEA680E48}"
EndProject
Project("{FAE04EC0-301F-11D3-BF4B-00C04F79EFBC}") = "TodoApp.Api", "TodoApp.Api\TodoApp.Api.csproj", "{1C39D6A7-9BA1-4322-9253-69E99589D064}"
EndProject
Global
	GlobalSection(SolutionConfigurationPlatforms) = preSolution
		Debug|Any CPU = Debug|Any CPU
		Release|Any CPU = Release|Any CPU
	EndGlobalSection
	GlobalSection(ProjectConfigurationPlatforms) = postSolution
		{A2FF0CB9-45A8-4988-9A98-876DFBD01203}.Debug|Any CPU.ActiveCfg = Debug|Any CPU
		{A2FF0CB9-45A8-4988-9A98-876DFBD01203}.Debug|Any CPU.Build.0 = Debug|Any CPU
		{A2FF0CB9-45A8-4988-9A98-876DFBD01203}.Release|Any CPU.ActiveCfg = Release|Any CPU
		{A2FF0CB9-45A8-4988-9A98-876DFBD01203}.Release|Any CPU.Build.0 = Release|Any CPU
		{37C9DFCE-29C5-4DBF-AF8A-0B4DAD416347}.Debug|Any CPU.ActiveCfg = Debug|Any CPU
		{37C9DFCE-29C5-4DBF-AF8A-0B4DAD416347}.Debug|Any CPU.Build.0 = Debug|Any CPU
		{37C9DFCE-29C5-4DBF-AF8A-0B4DAD416347}.Release|Any CPU.ActiveCfg = Release|Any CPU
		{37C9DFCE-29C5-4DBF-AF8A-0B4DAD416347}.Release|Any CPU.Build.0 = Release|Any CPU
		{EE9AA37F-D694-442B-B11F-898AEA680E48}.Debug|Any CPU.ActiveCfg = Debug|Any CPU
		{EE9AA37F-D694-442B-B11F-898AEA680E48}.Debug|Any CPU.Build.0 = Debug|Any CPU
		{EE9AA37F-D694-442B-B11F-898AEA680E48}.Release|Any CPU.ActiveCfg = Release|Any CPU
		{EE9AA37F-D694-442B-B11F-898AEA680E48}.Release|Any CPU.Build.0 = Release|Any CPU
		{1C39D6A7-9BA1-4322-9253-69E99589D064}.Debug|Any CPU.ActiveCfg = Debug|Any CPU
		{1C39D6A7-9BA1-4322-9253-69E99589D064}.Debug|Any CPU.Build.0 = Debug|Any CPU
		{1C39D6A7-9BA1-4322-9253-69E99589D064}.Release|Any CPU.ActiveCfg = Release|Any CPU
		{1C39D6A7-9BA1-4322-9253-69E99589D064}.Release|Any CPU.Build.0 = Release|Any CPU
	EndGlobalSection
	GlobalSection(SolutionProperties) = preSolution
		HideSolutionNode = FALSE
	EndGlobalSection
	GlobalSection(NestedProjects) = preSolution
		{6FFAF8DB-7566-4873-841E-0EF00AC664D0} = {DF717BCE-A6D0-4421-B86D-37C1CFF8B8FC}
		{747F8791-0895-4E00-A979-9021F7AB0A22} = {DF717BCE-A6D0-4421-B86D-37C1CFF8B8FC}
		{79F6A3CF-B1FA-4B1C-BF49-7E1D6EC6FD0C} = {DF717BCE-A6D0-4421-B86D-37C1CFF8B8FC}
		{E98FD141-DFD8-43BC-B64B-E504D45DB800} = {DF717BCE-A6D0-4421-B86D-37C1CFF8B8FC}
		{A2FF0CB9-45A8-4988-9A98-876DFBD01203} = {747F8791-0895-4E00-A979-9021F7AB0A22}
		{37C9DFCE-29C5-4DBF-AF8A-0B4DAD416347} = {747F8791-0895-4E00-A979-9021F7AB0A22}
		{EE9AA37F-D694-442B-B11F-898AEA680E48} = {E98FD141-DFD8-43BC-B64B-E504D45DB800}
		{1C39D6A7-9BA1-4322-9253-69E99589D064} = {6FFAF8DB-7566-4873-841E-0EF00AC664D0}
	EndGlobalSection
	GlobalSection(ExtensibilityGlobals) = postSolution
		SolutionGuid = {6C2D4914-E509-42B3-B4E6-AB091F851C34}
	EndGlobalSection
EndGlobal
